
Microsoft Visual Studio Solution File, Format Version 12.00
# Visual Studio Version 17
VisualStudioVersion = 17.3.32825.248
MinimumVisualStudioVersion = 10.0.40219.1
Project("{FAE04EC0-301F-11D3-BF4B-00C04F79EFBC}") = "GoogleCalendarAPIIntegration", "GoogleCalendarAPIIntegration\GoogleCalendarAPIIntegration.csproj", "{7176C9A6-EFC7-431B-8204-E595704B81C0}"
EndProject
Global
	GlobalSection(SolutionConfigurationPlatforms) = preSolution
		Debug|Any CPU = Debug|Any CPU
		Release|Any CPU = Release|Any CPU
	EndGlobalSection
	GlobalSection(ProjectConfigurationPlatforms) = postSolution
		{7176C9A6-EFC7-431B-8204-E595704B81C0}.Debug|Any CPU.ActiveCfg = Debug|Any CPU
		{7176C9A6-EFC7-431B-8204-E595704B81C0}.Debug|Any CPU.Build.0 = Debug|Any CPU
		{7176C9A6-EFC7-431B-8204-E595704B81C0}.Release|Any CPU.ActiveCfg = Release|Any CPU
		{7176C9A6-EFC7-431B-8204-E595704B81C0}.Release|Any CPU.Build.0 = Release|Any CPU
	EndGlobalSection
	GlobalSection(SolutionProperties) = preSolution
		HideSolutionNode = FALSE
	EndGlobalSection
	GlobalSection(ExtensibilityGlobals) = postSolution
		SolutionGuid = {3DD4BCE1-A395-4077-AFA5-ADDD5F811739}
	EndGlobalSection
EndGlobal
